// !$*UTF8*$!
{
	archiveVersion = 1;
	classes = {
	};
	objectVersion = 46;
	objects = {

/* Begin PBXBuildFile section */
		9CB29F041B79DE9500D0AE30 /* main.m in Sources */ = {isa = PBXBuildFile; fileRef = 9CB29F031B79DE9500D0AE30 /* main.m */; };
		9CB29F071B79DE9500D0AE30 /* AppDelegate.m in Sources */ = {isa = PBXBuildFile; fileRef = 9CB29F061B79DE9500D0AE30 /* AppDelegate.m */; };
		9CB29F0A1B79DE9500D0AE30 /* ViewController.m in Sources */ = {isa = PBXBuildFile; fileRef = 9CB29F091B79DE9500D0AE30 /* ViewController.m */; };
		9CB29F0D1B79DE9500D0AE30 /* Main.storyboard in Resources */ = {isa = PBXBuildFile; fileRef = 9CB29F0B1B79DE9500D0AE30 /* Main.storyboard */; };
		9CB29F0F1B79DE9500D0AE30 /* Images.xcassets in Resources */ = {isa = PBXBuildFile; fileRef = 9CB29F0E1B79DE9500D0AE30 /* Images.xcassets */; };
		9CB29F121B79DE9500D0AE30 /* LaunchScreen.xib in Resources */ = {isa = PBXBuildFile; fileRef = 9CB29F101B79DE9500D0AE30 /* LaunchScreen.xib */; };
		9CB29F1E1B79DE9500D0AE30 /* SXStarRatingTests.m in Sources */ = {isa = PBXBuildFile; fileRef = 9CB29F1D1B79DE9500D0AE30 /* SXStarRatingTests.m */; };
		9CB29F2A1B79DEF700D0AE30 /* SXStarRatingView.m in Sources */ = {isa = PBXBuildFile; fileRef = 9CB29F291B79DEF700D0AE30 /* SXStarRatingView.m */; };
		9CB29F2C1B79DFA500D0AE30 /* SXStarRating.bundle in Resources */ = {isa = PBXBuildFile; fileRef = 9CB29F2B1B79DFA500D0AE30 /* SXStarRating.bundle */; };
/* End PBXBuildFile section */

/* Begin PBXContainerItemProxy section */
		9CB29F181B79DE9500D0AE30 /* PBXContainerItemProxy */ = {
			isa = PBXContainerItemProxy;
			containerPortal = 9CB29EF61B79DE9500D0AE30 /* Project object */;
			proxyType = 1;
			remoteGlobalIDString = 9CB29EFD1B79DE9500D0AE30;
			remoteInfo = SXStarRating;
		};
/* End PBXContainerItemProxy section */

/* Begin PBXFileReference section */
		9CB29EFE1B79DE9500D0AE30 /* SXStarRating.app */ = {isa = PBXFileReference; explicitFileType = wrapper.application; includeInIndex = 0; path = SXStarRating.app; sourceTree = BUILT_PRODUCTS_DIR; };
		9CB29F021B79DE9500D0AE30 /* Info.plist */ = {isa = PBXFileReference; lastKnownFileType = text.plist.xml; path = Info.plist; sourceTree = "<group>"; };
		9CB29F031B79DE9500D0AE30 /* main.m */ = {isa = PBXFileReference; lastKnownFileType = sourcecode.c.objc; path = main.m; sourceTree = "<group>"; };
		9CB29F051B79DE9500D0AE30 /* AppDelegate.h */ = {isa = PBXFileReference; lastKnownFileType = sourcecode.c.h; path = AppDelegate.h; sourceTree = "<group>"; };
		9CB29F061B79DE9500D0AE30 /* AppDelegate.m */ = {isa = PBXFileReference; lastKnownFileType = sourcecode.c.objc; path = AppDelegate.m; sourceTree = "<group>"; };
		9CB29F081B79DE9500D0AE30 /* ViewController.h */ = {isa = PBXFileReference; lastKnownFileType = sourcecode.c.h; path = ViewController.h; sourceTree = "<group>"; };
		9CB29F091B79DE9500D0AE30 /* ViewController.m */ = {isa = PBXFileReference; lastKnownFileType = sourcecode.c.objc; path = ViewController.m; sourceTree = "<group>"; };
		9CB29F0C1B79DE9500D0AE30 /* Base */ = {isa = PBXFileReference; lastKnownFileType = file.storyboard; name = Base; path = Base.lproj/Main.storyboard; sourceTree = "<group>"; };
		9CB29F0E1B79DE9500D0AE30 /* Images.xcassets */ = {isa = PBXFileReference; lastKnownFileType = folder.assetcatalog; path = Images.xcassets; sourceTree = "<group>"; };
		9CB29F111B79DE9500D0AE30 /* Base */ = {isa = PBXFileReference; lastKnownFileType = file.xib; name = Base; path = Base.lproj/LaunchScreen.xib; sourceTree = "<group>"; };
		9CB29F171B79DE9500D0AE30 /* SXStarRatingTests.xctest */ = {isa = PBXFileReference; explicitFileType = wrapper.cfbundle; includeInIndex = 0; path = SXStarRatingTests.xctest; sourceTree = BUILT_PRODUCTS_DIR; };
		9CB29F1C1B79DE9500D0AE30 /* Info.plist */ = {isa = PBXFileReference; lastKnownFileType = text.plist.xml; path = Info.plist; sourceTree = "<group>"; };
		9CB29F1D1B79DE9500D0AE30 /* SXStarRatingTests.m */ = {isa = PBXFileReference; lastKnownFileType = sourcecode.c.objc; path = SXStarRatingTests.m; sourceTree = "<group>"; };
		9CB29F281B79DEF700D0AE30 /* SXStarRatingView.h */ = {isa = PBXFileReference; fileEncoding = 4; lastKnownFileType = sourcecode.c.h; path = SXStarRatingView.h; sourceTree = "<group>"; };
		9CB29F291B79DEF700D0AE30 /* SXStarRatingView.m */ = {isa = PBXFileReference; fileEncoding = 4; lastKnownFileType = sourcecode.c.objc; path = SXStarRatingView.m; sourceTree = "<group>"; };
		9CB29F2B1B79DFA500D0AE30 /* SXStarRating.bundle */ = {isa = PBXFileReference; lastKnownFileType = "wrapper.plug-in"; path = SXStarRating.bundle; sourceTree = "<group>"; };
/* End PBXFileReference section */

/* Begin PBXFrameworksBuildPhase section */
		9CB29EFB1B79DE9500D0AE30 /* Frameworks */ = {
			isa = PBXFrameworksBuildPhase;
			buildActionMask = 2147483647;
			files = (
			);
			runOnlyForDeploymentPostprocessing = 0;
		};
		9CB29F141B79DE9500D0AE30 /* Frameworks */ = {
			isa = PBXFrameworksBuildPhase;
			buildActionMask = 2147483647;
			files = (
			);
			runOnlyForDeploymentPostprocessing = 0;
		};
/* End PBXFrameworksBuildPhase section */

/* Begin PBXGroup section */
		9CB29EF51B79DE9500D0AE30 = {
			isa = PBXGroup;
			children = (
				9CB29F001B79DE9500D0AE30 /* SXStarRating */,
				9CB29F1A1B79DE9500D0AE30 /* SXStarRatingTests */,
				9CB29EFF1B79DE9500D0AE30 /* Products */,
			);
			sourceTree = "<group>";
		};
		9CB29EFF1B79DE9500D0AE30 /* Products */ = {
			isa = PBXGroup;
			children = (
				9CB29EFE1B79DE9500D0AE30 /* SXStarRating.app */,
				9CB29F171B79DE9500D0AE30 /* SXStarRatingTests.xctest */,
			);
			name = Products;
			sourceTree = "<group>";
		};
		9CB29F001B79DE9500D0AE30 /* SXStarRating */ = {
			isa = PBXGroup;
			children = (
				9CB29F271B79DEAA00D0AE30 /* SXStarRating */,
				9CB29F051B79DE9500D0AE30 /* AppDelegate.h */,
				9CB29F061B79DE9500D0AE30 /* AppDelegate.m */,
				9CB29F081B79DE9500D0AE30 /* ViewController.h */,
				9CB29F091B79DE9500D0AE30 /* ViewController.m */,
				9CB29F0B1B79DE9500D0AE30 /* Main.storyboard */,
				9CB29F0E1B79DE9500D0AE30 /* Images.xcassets */,
				9CB29F101B79DE9500D0AE30 /* LaunchScreen.xib */,
				9CB29F011B79DE9500D0AE30 /* Supporting Files */,
			);
			path = SXStarRating;
			sourceTree = "<group>";
		};
		9CB29F011B79DE9500D0AE30 /* Supporting Files */ = {
			isa = PBXGroup;
			children = (
				9CB29F021B79DE9500D0AE30 /* Info.plist */,
				9CB29F031B79DE9500D0AE30 /* main.m */,
			);
			name = "Supporting Files";
			sourceTree = "<group>";
		};
		9CB29F1A1B79DE9500D0AE30 /* SXStarRatingTests */ = {
			isa = PBXGroup;
			children = (
				9CB29F1D1B79DE9500D0AE30 /* SXStarRatingTests.m */,
				9CB29F1B1B79DE9500D0AE30 /* Supporting Files */,
			);
			path = SXStarRatingTests;
			sourceTree = "<group>";
		};
		9CB29F1B1B79DE9500D0AE30 /* Supporting Files */ = {
			isa = PBXGroup;
			children = (
				9CB29F1C1B79DE9500D0AE30 /* Info.plist */,
			);
			name = "Supporting Files";
			sourceTree = "<group>";
		};
		9CB29F271B79DEAA00D0AE30 /* SXStarRating */ = {
			isa = PBXGroup;
			children = (
				9CB29F2B1B79DFA500D0AE30 /* SXStarRating.bundle */,
				9CB29F281B79DEF700D0AE30 /* SXStarRatingView.h */,
				9CB29F291B79DEF700D0AE30 /* SXStarRatingView.m */,
			);
			path = SXStarRating;
			sourceTree = "<group>";
		};
/* End PBXGroup section */

/* Begin PBXNativeTarget section */
		9CB29EFD1B79DE9500D0AE30 /* SXStarRating */ = {
			isa = PBXNativeTarget;
			buildConfigurationList = 9CB29F211B79DE9500D0AE30 /* Build configuration list for PBXNativeTarget "SXStarRating" */;
			buildPhases = (
				9CB29EFA1B79DE9500D0AE30 /* Sources */,
				9CB29EFB1B79DE9500D0AE30 /* Frameworks */,
				9CB29EFC1B79DE9500D0AE30 /* Resources */,
			);
			buildRules = (
			);
			dependencies = (
			);
			name = SXStarRating;
			productName = SXStarRating;
			productReference = 9CB29EFE1B79DE9500D0AE30 /* SXStarRating.app */;
			productType = "com.apple.product-type.application";
		};
		9CB29F161B79DE9500D0AE30 /* SXStarRatingTests */ = {
			isa = PBXNativeTarget;
			buildConfigurationList = 9CB29F241B79DE9500D0AE30 /* Build configuration list for PBXNativeTarget "SXStarRatingTests" */;
			buildPhases = (
				9CB29F131B79DE9500D0AE30 /* Sources */,
				9CB29F141B79DE9500D0AE30 /* Frameworks */,
				9CB29F151B79DE9500D0AE30 /* Resources */,
			);
			buildRules = (
			);
			dependencies = (
				9CB29F191B79DE9500D0AE30 /* PBXTargetDependency */,
			);
			name = SXStarRatingTests;
			productName = SXStarRatingTests;
			productReference = 9CB29F171B79DE9500D0AE30 /* SXStarRatingTests.xctest */;
			productType = "com.apple.product-type.bundle.unit-test";
		};
/* End PBXNativeTarget section */

/* Begin PBXProject section */
		9CB29EF61B79DE9500D0AE30 /* Project object */ = {
			isa = PBXProject;
			attributes = {
				LastUpgradeCheck = 0640;
				ORGANIZATIONNAME = "Coder Shoryon";
				TargetAttributes = {
					9CB29EFD1B79DE9500D0AE30 = {
						CreatedOnToolsVersion = 6.4;
					};
					9CB29F161B79DE9500D0AE30 = {
						CreatedOnToolsVersion = 6.4;
						TestTargetID = 9CB29EFD1B79DE9500D0AE30;
					};
				};
			};
			buildConfigurationList = 9CB29EF91B79DE9500D0AE30 /* Build configuration list for PBXProject "SXStarRating" */;
			compatibilityVersion = "Xcode 3.2";
			developmentRegion = English;
			hasScannedForEncodings = 0;
			knownRegions = (
				en,
				Base,
			);
			mainGroup = 9CB29EF51B79DE9500D0AE30;
			productRefGroup = 9CB29EFF1B79DE9500D0AE30 /* Products */;
			projectDirPath = "";
			projectRoot = "";
			targets = (
				9CB29EFD1B79DE9500D0AE30 /* SXStarRating */,
				9CB29F161B79DE9500D0AE30 /* SXStarRatingTests */,
			);
		};
/* End PBXProject section */

/* Begin PBXResourcesBuildPhase section */
		9CB29EFC1B79DE9500D0AE30 /* Resources */ = {
			isa = PBXResourcesBuildPhase;
			buildActionMask = 2147483647;
			files = (
				9CB29F0D1B79DE9500D0AE30 /* Main.storyboard in Resources */,
				9CB29F2C1B79DFA500D0AE30 /* SXStarRating.bundle in Resources */,
				9CB29F121B79DE9500D0AE30 /* LaunchScreen.xib in Resources */,
				9CB29F0F1B79DE9500D0AE30 /* Images.xcassets in Resources */,
			);
			runOnlyForDeploymentPostprocessing = 0;
		};
		9CB29F151B79DE9500D0AE30 /* Resources */ = {
			isa = PBXResourcesBuildPhase;
			buildActionMask = 2147483647;
			files = (
			);
			runOnlyForDeploymentPostprocessing = 0;
		};
/* End PBXResourcesBuildPhase section */

/* Begin PBXSourcesBuildPhase section */
		9CB29EFA1B79DE9500D0AE30 /* Sources */ = {
			isa = PBXSourcesBuildPhase;
			buildActionMask = 2147483647;
			files = (
				9CB29F0A1B79DE9500D0AE30 /* ViewController.m in Sources */,
				9CB29F071B79DE9500D0AE30 /* AppDelegate.m in Sources */,
				9CB29F2A1B79DEF700D0AE30 /* SXStarRatingView.m in Sources */,
				9CB29F041B79DE9500D0AE30 /* main.m in Sources */,
			);
			runOnlyForDeploymentPostprocessing = 0;
		};
		9CB29F131B79DE9500D0AE30 /* Sources */ = {
			isa = PBXSourcesBuildPhase;
			buildActionMask = 2147483647;
			files = (
				9CB29F1E1B79DE9500D0AE30 /* SXStarRatingTests.m in Sources */,
			);
			runOnlyForDeploymentPostprocessing = 0;
		};
/* End PBXSourcesBuildPhase section */

/* Begin PBXTargetDependency section */
		9CB29F191B79DE9500D0AE30 /* PBXTargetDependency */ = {
			isa = PBXTargetDependency;
			target = 9CB29EFD1B79DE9500D0AE30 /* SXStarRating */;
			targetProxy = 9CB29F181B79DE9500D0AE30 /* PBXContainerItemProxy */;
		};
/* End PBXTargetDependency section */

/* Begin PBXVariantGroup section */
		9CB29F0B1B79DE9500D0AE30 /* Main.storyboard */ = {
			isa = PBXVariantGroup;
			children = (
				9CB29F0C1B79DE9500D0AE30 /* Base */,
			);
			name = Main.storyboard;
			sourceTree = "<group>";
		};
		9CB29F101B79DE9500D0AE30 /* LaunchScreen.xib */ = {
			isa = PBXVariantGroup;
			children = (
				9CB29F111B79DE9500D0AE30 /* Base */,
			);
			name = LaunchScreen.xib;
			sourceTree = "<group>";
		};
/* End PBXVariantGroup section */

/* Begin XCBuildConfiguration section */
		9CB29F1F1B79DE9500D0AE30 /* Debug */ = {
			isa = XCBuildConfiguration;
			buildSettings = {
				ALWAYS_SEARCH_USER_PATHS = NO;
				CLANG_CXX_LANGUAGE_STANDARD = "gnu++0x";
				CLANG_CXX_LIBRARY = "libc++";
				CLANG_ENABLE_MODULES = YES;
				CLANG_ENABLE_OBJC_ARC = YES;
				CLANG_WARN_BOOL_CONVERSION = YES;
				CLANG_WARN_CONSTANT_CONVERSION = YES;
				CLANG_WARN_DIRECT_OBJC_ISA_USAGE = YES_ERROR;
				CLANG_WARN_EMPTY_BODY = YES;
				CLANG_WARN_ENUM_CONVERSION = YES;
				CLANG_WARN_INT_CONVERSION = YES;
				CLANG_WARN_OBJC_ROOT_CLASS = YES_ERROR;
				CLANG_WARN_UNREACHABLE_CODE = YES;
				CLANG_WARN__DUPLICATE_METHOD_MATCH = YES;
				"CODE_SIGN_IDENTITY[sdk=iphoneos*]" = "iPhone Developer";
				COPY_PHASE_STRIP = NO;
				DEBUG_INFORMATION_FORMAT = "dwarf-with-dsym";
				ENABLE_STRICT_OBJC_MSGSEND = YES;
				GCC_C_LANGUAGE_STANDARD = gnu99;
				GCC_DYNAMIC_NO_PIC = NO;
				GCC_NO_COMMON_BLOCKS = YES;
				GCC_OPTIMIZATION_LEVEL = 0;
				GCC_PREPROCESSOR_DEFINITIONS = (
					"DEBUG=1",
					"$(inherited)",
				);
				GCC_SYMBOLS_PRIVATE_EXTERN = NO;
				GCC_WARN_64_TO_32_BIT_CONVERSION = YES;
				GCC_WARN_ABOUT_RETURN_TYPE = YES_ERROR;
				GCC_WARN_UNDECLARED_SELECTOR = YES;
				GCC_WARN_UNINITIALIZED_AUTOS = YES_AGGRESSIVE;
				GCC_WARN_UNUSED_FUNCTION = YES;
				GCC_WARN_UNUSED_VARIABLE = YES;
				IPHONEOS_DEPLOYMENT_TARGET = 8.4;
				MTL_ENABLE_DEBUG_INFO = YES;
				ONLY_ACTIVE_ARCH = YES;
				SDKROOT = iphoneos;
			};
			name = Debug;
		};
		9CB29F201B79DE9500D0AE30 /* Release */ = {
			isa = XCBuildConfiguration;
			buildSettings = {
				ALWAYS_SEARCH_USER_PATHS = NO;
				CLANG_CXX_LANGUAGE_STANDARD = "gnu++0x";
				CLANG_CXX_LIBRARY = "libc++";
				CLANG_ENABLE_MODULES = YES;
				CLANG_ENABLE_OBJC_ARC = YES;
				CLANG_WARN_BOOL_CONVERSION = YES;
				CLANG_WARN_CONSTANT_CONVERSION = YES;
				CLANG_WARN_DIRECT_OBJC_ISA_USAGE = YES_ERROR;
				CLANG_WARN_EMPTY_BODY = YES;
				CLANG_WARN_ENUM_CONVERSION = YES;
				CLANG_WARN_INT_CONVERSION = YES;
				CLANG_WARN_OBJC_ROOT_CLASS = YES_ERROR;
				CLANG_WARN_UNREACHABLE_CODE = YES;
				CLANG_WARN__DUPLICATE_METHOD_MATCH = YES;
				"CODE_SIGN_IDENTITY[sdk=iphoneos*]" = "iPhone Developer";
				COPY_PHASE_STRIP = NO;
				DEBUG_INFORMATION_FORMAT = "dwarf-with-dsym";
				ENABLE_NS_ASSERTIONS = NO;
				ENABLE_STRICT_OBJC_MSGSEND = YES;
				GCC_C_LANGUAGE_STANDARD = gnu99;
				GCC_NO_COMMON_BLOCKS = YES;
				GCC_WARN_64_TO_32_BIT_CONVERSION = YES;
				GCC_WARN_ABOUT_RETURN_TYPE = YES_ERROR;
				GCC_WARN_UNDECLARED_SELECTOR = YES;
				GCC_WARN_UNINITIALIZED_AUTOS = YES_AGGRESSIVE;
				GCC_WARN_UNUSED_FUNCTION = YES;
				GCC_WARN_UNUSED_VARIABLE = YES;
				IPHONEOS_DEPLOYMENT_TARGET = 8.4;
				MTL_ENABLE_DEBUG_INFO = NO;
				SDKROOT = iphoneos;
				VALIDATE_PRODUCT = YES;
			};
			name = Release;
		};
		9CB29F221B79DE9500D0AE30 /* Debug */ = {
			isa = XCBuildConfiguration;
			buildSettings = {
				ASSETCATALOG_COMPILER_APPICON_NAME = AppIcon;
				INFOPLIST_FILE = SXStarRating/Info.plist;
				LD_RUNPATH_SEARCH_PATHS = "$(inherited) @executable_path/Frameworks";
				PRODUCT_NAME = "$(TARGET_NAME)";
			};
			name = Debug;
		};
		9CB29F231B79DE9500D0AE30 /* Release */ = {
			isa = XCBuildConfiguration;
			buildSettings = {
				ASSETCATALOG_COMPILER_APPICON_NAME = AppIcon;
				INFOPLIST_FILE = SXStarRating/Info.plist;
				LD_RUNPATH_SEARCH_PATHS = "$(inherited) @executable_path/Frameworks";
				PRODUCT_NAME = "$(TARGET_NAME)";
			};
			name = Release;
		};
		9CB29F251B79DE9500D0AE30 /* Debug */ = {
			isa = XCBuildConfiguration;
			buildSettings = {
				BUNDLE_LOADER = "$(TEST_HOST)";
				FRAMEWORK_SEARCH_PATHS = (
					"$(SDKROOT)/Developer/Library/Frameworks",
					"$(inherited)",
				);
				GCC_PREPROCESSOR_DEFINITIONS = (
					"DEBUG=1",
					"$(inherited)",
				);
				INFOPLIST_FILE = SXStarRatingTests/Info.plist;
				LD_RUNPATH_SEARCH_PATHS = "$(inherited) @executable_path/Frameworks @loader_path/Frameworks";
				PRODUCT_NAME = "$(TARGET_NAME)";
				TEST_HOST = "$(BUILT_PRODUCTS_DIR)/SXStarRating.app/SXStarRating";
			};
			name = Debug;
		};
		9CB29F261B79DE9500D0AE30 /* Release */ = {
			isa = XCBuildConfiguration;
			buildSettings = {
				BUNDLE_LOADER = "$(TEST_HOST)";
				FRAMEWORK_SEARCH_PATHS = (
					"$(SDKROOT)/Developer/Library/Frameworks",
					"$(inherited)",
				);
				INFOPLIST_FILE = SXStarRatingTests/Info.plist;
				LD_RUNPATH_SEARCH_PATHS = "$(inherited) @executable_path/Frameworks @loader_path/Frameworks";
				PRODUCT_NAME = "$(TARGET_NAME)";
				TEST_HOST = "$(BUILT_PRODUCTS_DIR)/SXStarRating.app/SXStarRating";
			};
			name = Release;
		};
/* End XCBuildConfiguration section */

/* Begin XCConfigurationList section */
		9CB29EF91B79DE9500D0AE30 /* Build configuration list for PBXProject "SXStarRating" */ = {
			isa = XCConfigurationList;
			buildConfigurations = (
				9CB29F1F1B79DE9500D0AE30 /* Debug */,
				9CB29F201B79DE9500D0AE30 /* Release */,
			);
			defaultConfigurationIsVisible = 0;
			defaultConfigurationName = Release;
		};
		9CB29F211B79DE9500D0AE30 /* Build configuration list for PBXNativeTarget "SXStarRating" */ = {
			isa = XCConfigurationList;
			buildConfigurations = (
				9CB29F221B79DE9500D0AE30 /* Debug */,
				9CB29F231B79DE9500D0AE30 /* Release */,
			);
			defaultConfigurationIsVisible = 0;
		};
		9CB29F241B79DE9500D0AE30 /* Build configuration list for PBXNativeTarget "SXStarRatingTests" */ = {
			isa = XCConfigurationList;
			buildConfigurations = (
				9CB29F251B79DE9500D0AE30 /* Debug */,
				9CB29F261B79DE9500D0AE30 /* Release */,
			);
			defaultConfigurationIsVisible = 0;
		};
/* End XCConfigurationList section */
	};
	rootObject = 9CB29EF61B79DE9500D0AE30 /* Project object */;
}
